// !$*UTF8*$!
{
	archiveVersion = 1;
	classes = {
	};
	objectVersion = 55;
	objects = {

/* Begin PBXBuildFile section */
		9F348A1229342E9B00CDF641 /* RealWorldStateTests.swift in Sources */ = {isa = PBXBuildFile; fileRef = 9F348A1129342E9B00CDF641 /* RealWorldStateTests.swift */; };
		A830D9862932EE6C005EAD18 /* AppDelegate.swift in Sources */ = {isa = PBXBuildFile; fileRef = A830D9852932EE6C005EAD18 /* AppDelegate.swift */; };
		A830D9882932EE6C005EAD18 /* SceneDelegate.swift in Sources */ = {isa = PBXBuildFile; fileRef = A830D9872932EE6C005EAD18 /* SceneDelegate.swift */; };
		A830D98A2932EE6C005EAD18 /* ViewController.swift in Sources */ = {isa = PBXBuildFile; fileRef = A830D9892932EE6C005EAD18 /* ViewController.swift */; };
		A830D98D2932EE6C005EAD18 /* Main.storyboard in Resources */ = {isa = PBXBuildFile; fileRef = A830D98B2932EE6C005EAD18 /* Main.storyboard */; };
		A830D98F2932EE6E005EAD18 /* Assets.xcassets in Resources */ = {isa = PBXBuildFile; fileRef = A830D98E2932EE6E005EAD18 /* Assets.xcassets */; };
		A830D9922932EE6E005EAD18 /* LaunchScreen.storyboard in Resources */ = {isa = PBXBuildFile; fileRef = A830D9902932EE6E005EAD18 /* LaunchScreen.storyboard */; };
		A830D99D2932EE6E005EAD18 /* StateTests.swift in Sources */ = {isa = PBXBuildFile; fileRef = A830D99C2932EE6E005EAD18 /* StateTests.swift */; };
/* End PBXBuildFile section */

/* Begin PBXContainerItemProxy section */
		A830D9992932EE6E005EAD18 /* PBXContainerItemProxy */ = {
			isa = PBXContainerItemProxy;
			containerPortal = A830D97A2932EE6C005EAD18 /* Project object */;
			proxyType = 1;
			remoteGlobalIDString = A830D9812932EE6C005EAD18;
			remoteInfo = State;
		};
/* End PBXContainerItemProxy section */

/* Begin PBXFileReference section */
		9F348A1129342E9B00CDF641 /* RealWorldStateTests.swift */ = {isa = PBXFileReference; lastKnownFileType = sourcecode.swift; path = RealWorldStateTests.swift; sourceTree = "<group>"; };
		A830D9822932EE6C005EAD18 /* State.app */ = {isa = PBXFileReference; explicitFileType = wrapper.application; includeInIndex = 0; path = State.app; sourceTree = BUILT_PRODUCTS_DIR; };
		A830D9852932EE6C005EAD18 /* AppDelegate.swift */ = {isa = PBXFileReference; lastKnownFileType = sourcecode.swift; path = AppDelegate.swift; sourceTree = "<group>"; };
		A830D9872932EE6C005EAD18 /* SceneDelegate.swift */ = {isa = PBXFileReference; lastKnownFileType = sourcecode.swift; path = SceneDelegate.swift; sourceTree = "<group>"; };
		A830D9892932EE6C005EAD18 /* ViewController.swift */ = {isa = PBXFileReference; lastKnownFileType = sourcecode.swift; path = ViewController.swift; sourceTree = "<group>"; };
		A830D98C2932EE6C005EAD18 /* Base */ = {isa = PBXFileReference; lastKnownFileType = file.storyboard; name = Base; path = Base.lproj/Main.storyboard; sourceTree = "<group>"; };
		A830D98E2932EE6E005EAD18 /* Assets.xcassets */ = {isa = PBXFileReference; lastKnownFileType = folder.assetcatalog; path = Assets.xcassets; sourceTree = "<group>"; };
		A830D9912932EE6E005EAD18 /* Base */ = {isa = PBXFileReference; lastKnownFileType = file.storyboard; name = Base; path = Base.lproj/LaunchScreen.storyboard; sourceTree = "<group>"; };
		A830D9932932EE6E005EAD18 /* Info.plist */ = {isa = PBXFileReference; lastKnownFileType = text.plist.xml; path = Info.plist; sourceTree = "<group>"; };
		A830D9982932EE6E005EAD18 /* StateTests.xctest */ = {isa = PBXFileReference; explicitFileType = wrapper.cfbundle; includeInIndex = 0; path = StateTests.xctest; sourceTree = BUILT_PRODUCTS_DIR; };
		A830D99C2932EE6E005EAD18 /* StateTests.swift */ = {isa = PBXFileReference; lastKnownFileType = sourcecode.swift; path = StateTests.swift; sourceTree = "<group>"; };
/* End PBXFileReference section */

/* Begin PBXFrameworksBuildPhase section */
		A830D97F2932EE6C005EAD18 /* Frameworks */ = {
			isa = PBXFrameworksBuildPhase;
			buildActionMask = 2147483647;
			files = (
			);
			runOnlyForDeploymentPostprocessing = 0;
		};
		A830D9952932EE6E005EAD18 /* Frameworks */ = {
			isa = PBXFrameworksBuildPhase;
			buildActionMask = 2147483647;
			files = (
			);
			runOnlyForDeploymentPostprocessing = 0;
		};
/* End PBXFrameworksBuildPhase section */

/* Begin PBXGroup section */
		A830D9792932EE6C005EAD18 = {
			isa = PBXGroup;
			children = (
				A830D9842932EE6C005EAD18 /* State */,
				A830D99B2932EE6E005EAD18 /* StateTests */,
				A830D9832932EE6C005EAD18 /* Products */,
			);
			sourceTree = "<group>";
		};
		A830D9832932EE6C005EAD18 /* Products */ = {
			isa = PBXGroup;
			children = (
				A830D9822932EE6C005EAD18 /* State.app */,
				A830D9982932EE6E005EAD18 /* StateTests.xctest */,
			);
			name = Products;
			sourceTree = "<group>";
		};
		A830D9842932EE6C005EAD18 /* State */ = {
			isa = PBXGroup;
			children = (
				A830D9852932EE6C005EAD18 /* AppDelegate.swift */,
				A830D9872932EE6C005EAD18 /* SceneDelegate.swift */,
				A830D9892932EE6C005EAD18 /* ViewController.swift */,
				A830D98B2932EE6C005EAD18 /* Main.storyboard */,
				A830D98E2932EE6E005EAD18 /* Assets.xcassets */,
				A830D9902932EE6E005EAD18 /* LaunchScreen.storyboard */,
				A830D9932932EE6E005EAD18 /* Info.plist */,
			);
			path = State;
			sourceTree = "<group>";
		};
		A830D99B2932EE6E005EAD18 /* StateTests */ = {
			isa = PBXGroup;
			children = (
				A830D99C2932EE6E005EAD18 /* StateTests.swift */,
				9F348A1129342E9B00CDF641 /* RealWorldStateTests.swift */,
			);
			path = StateTests;
			sourceTree = "<group>";
		};
/* End PBXGroup section */

/* Begin PBXNativeTarget section */
		A830D9812932EE6C005EAD18 /* State */ = {
			isa = PBXNativeTarget;
			buildConfigurationList = A830D9AC2932EE6E005EAD18 /* Build configuration list for PBXNativeTarget "State" */;
			buildPhases = (
				A830D97E2932EE6C005EAD18 /* Sources */,
				A830D97F2932EE6C005EAD18 /* Frameworks */,
				A830D9802932EE6C005EAD18 /* Resources */,
			);
			buildRules = (
			);
			dependencies = (
			);
			name = State;
			productName = State;
			productReference = A830D9822932EE6C005EAD18 /* State.app */;
			productType = "com.apple.product-type.application";
		};
		A830D9972932EE6E005EAD18 /* StateTests */ = {
			isa = PBXNativeTarget;
			buildConfigurationList = A830D9AF2932EE6E005EAD18 /* Build configuration list for PBXNativeTarget "StateTests" */;
			buildPhases = (
				A830D9942932EE6E005EAD18 /* Sources */,
				A830D9952932EE6E005EAD18 /* Frameworks */,
				A830D9962932EE6E005EAD18 /* Resources */,
			);
			buildRules = (
			);
			dependencies = (
				A830D99A2932EE6E005EAD18 /* PBXTargetDependency */,
			);
			name = StateTests;
			productName = StateTests;
			productReference = A830D9982932EE6E005EAD18 /* StateTests.xctest */;
			productType = "com.apple.product-type.bundle.unit-test";
		};
/* End PBXNativeTarget section */

/* Begin PBXProject section */
		A830D97A2932EE6C005EAD18 /* Project object */ = {
			isa = PBXProject;
			attributes = {
				BuildIndependentTargetsInParallel = 1;
				LastSwiftUpdateCheck = 1330;
				LastUpgradeCheck = 1330;
				TargetAttributes = {
					A830D9812932EE6C005EAD18 = {
						CreatedOnToolsVersion = 13.3.1;
					};
					A830D9972932EE6E005EAD18 = {
						CreatedOnToolsVersion = 13.3.1;
						TestTargetID = A830D9812932EE6C005EAD18;
					};
				};
			};
			buildConfigurationList = A830D97D2932EE6C005EAD18 /* Build configuration list for PBXProject "State" */;
			compatibilityVersion = "Xcode 13.0";
			developmentRegion = en;
			hasScannedForEncodings = 0;
			knownRegions = (
				en,
				Base,
			);
			mainGroup = A830D9792932EE6C005EAD18;
			productRefGroup = A830D9832932EE6C005EAD18 /* Products */;
			projectDirPath = "";
			projectRoot = "";
			targets = (
				A830D9812932EE6C005EAD18 /* State */,
				A830D9972932EE6E005EAD18 /* StateTests */,
			);
		};
/* End PBXProject section */

/* Begin PBXResourcesBuildPhase section */
		A830D9802932EE6C005EAD18 /* Resources */ = {
			isa = PBXResourcesBuildPhase;
			buildActionMask = 2147483647;
			files = (
				A830D9922932EE6E005EAD18 /* LaunchScreen.storyboard in Resources */,
				A830D98F2932EE6E005EAD18 /* Assets.xcassets in Resources */,
				A830D98D2932EE6C005EAD18 /* Main.storyboard in Resources */,
			);
			runOnlyForDeploymentPostprocessing = 0;
		};
		A830D9962932EE6E005EAD18 /* Resources */ = {
			isa = PBXResourcesBuildPhase;
			buildActionMask = 2147483647;
			files = (
			);
			runOnlyForDeploymentPostprocessing = 0;
		};
/* End PBXResourcesBuildPhase section */

/* Begin PBXSourcesBuildPhase section */
		A830D97E2932EE6C005EAD18 /* Sources */ = {
			isa = PBXSourcesBuildPhase;
			buildActionMask = 2147483647;
			files = (
				A830D98A2932EE6C005EAD18 /* ViewController.swift in Sources */,
				A830D9862932EE6C005EAD18 /* AppDelegate.swift in Sources */,
				A830D9882932EE6C005EAD18 /* SceneDelegate.swift in Sources */,
			);
			runOnlyForDeploymentPostprocessing = 0;
		};
		A830D9942932EE6E005EAD18 /* Sources */ = {
			isa = PBXSourcesBuildPhase;
			buildActionMask = 2147483647;
			files = (
				9F348A1229342E9B00CDF641 /* RealWorldStateTests.swift in Sources */,
				A830D99D2932EE6E005EAD18 /* StateTests.swift in Sources */,
			);
			runOnlyForDeploymentPostprocessing = 0;
		};
/* End PBXSourcesBuildPhase section */

/* Begin PBXTargetDependency section */
		A830D99A2932EE6E005EAD18 /* PBXTargetDependency */ = {
			isa = PBXTargetDependency;
			target = A830D9812932EE6C005EAD18 /* State */;
			targetProxy = A830D9992932EE6E005EAD18 /* PBXContainerItemProxy */;
		};
/* End PBXTargetDependency section */

/* Begin PBXVariantGroup section */
		A830D98B2932EE6C005EAD18 /* Main.storyboard */ = {
			isa = PBXVariantGroup;
			children = (
				A830D98C2932EE6C005EAD18 /* Base */,
			);
			name = Main.storyboard;
			sourceTree = "<group>";
		};
		A830D9902932EE6E005EAD18 /* LaunchScreen.storyboard */ = {
			isa = PBXVariantGroup;
			children = (
				A830D9912932EE6E005EAD18 /* Base */,
			);
			name = LaunchScreen.storyboard;
			sourceTree = "<group>";
		};
/* End PBXVariantGroup section */

/* Begin XCBuildConfiguration section */
		A830D9AA2932EE6E005EAD18 /* Debug */ = {
			isa = XCBuildConfiguration;
			buildSettings = {
				ALWAYS_SEARCH_USER_PATHS = NO;
				CLANG_ANALYZER_NONNULL = YES;
				CLANG_ANALYZER_NUMBER_OBJECT_CONVERSION = YES_AGGRESSIVE;
				CLANG_CXX_LANGUAGE_STANDARD = "gnu++17";
				CLANG_ENABLE_MODULES = YES;
				CLANG_ENABLE_OBJC_ARC = YES;
				CLANG_ENABLE_OBJC_WEAK = YES;
				CLANG_WARN_BLOCK_CAPTURE_AUTORELEASING = YES;
				CLANG_WARN_BOOL_CONVERSION = YES;
				CLANG_WARN_COMMA = YES;
				CLANG_WARN_CONSTANT_CONVERSION = YES;
				CLANG_WARN_DEPRECATED_OBJC_IMPLEMENTATIONS = YES;
				CLANG_WARN_DIRECT_OBJC_ISA_USAGE = YES_ERROR;
				CLANG_WARN_DOCUMENTATION_COMMENTS = YES;
				CLANG_WARN_EMPTY_BODY = YES;
				CLANG_WARN_ENUM_CONVERSION = YES;
				CLANG_WARN_INFINITE_RECURSION = YES;
				CLANG_WARN_INT_CONVERSION = YES;
				CLANG_WARN_NON_LITERAL_NULL_CONVERSION = YES;
				CLANG_WARN_OBJC_IMPLICIT_RETAIN_SELF = YES;
				CLANG_WARN_OBJC_LITERAL_CONVERSION = YES;
				CLANG_WARN_OBJC_ROOT_CLASS = YES_ERROR;
				CLANG_WARN_QUOTED_INCLUDE_IN_FRAMEWORK_HEADER = YES;
				CLANG_WARN_RANGE_LOOP_ANALYSIS = YES;
				CLANG_WARN_STRICT_PROTOTYPES = YES;
				CLANG_WARN_SUSPICIOUS_MOVE = YES;
				CLANG_WARN_UNGUARDED_AVAILABILITY = YES_AGGRESSIVE;
				CLANG_WARN_UNREACHABLE_CODE = YES;
				CLANG_WARN__DUPLICATE_METHOD_MATCH = YES;
				COPY_PHASE_STRIP = NO;
				DEBUG_INFORMATION_FORMAT = dwarf;
				ENABLE_STRICT_OBJC_MSGSEND = YES;
				ENABLE_TESTABILITY = YES;
				GCC_C_LANGUAGE_STANDARD = gnu11;
				GCC_DYNAMIC_NO_PIC = NO;
				GCC_NO_COMMON_BLOCKS = YES;
				GCC_OPTIMIZATION_LEVEL = 0;
				GCC_PREPROCESSOR_DEFINITIONS = (
					"DEBUG=1",
					"$(inherited)",
				);
				GCC_WARN_64_TO_32_BIT_CONVERSION = YES;
				GCC_WARN_ABOUT_RETURN_TYPE = YES_ERROR;
				GCC_WARN_UNDECLARED_SELECTOR = YES;
				GCC_WARN_UNINITIALIZED_AUTOS = YES_AGGRESSIVE;
				GCC_WARN_UNUSED_FUNCTION = YES;
				GCC_WARN_UNUSED_VARIABLE = YES;
				IPHONEOS_DEPLOYMENT_TARGET = 15.4;
				MTL_ENABLE_DEBUG_INFO = INCLUDE_SOURCE;
				MTL_FAST_MATH = YES;
				ONLY_ACTIVE_ARCH = YES;
				SDKROOT = iphoneos;
				SWIFT_ACTIVE_COMPILATION_CONDITIONS = DEBUG;
				SWIFT_OPTIMIZATION_LEVEL = "-Onone";
			};
			name = Debug;
		};
		A830D9AB2932EE6E005EAD18 /* Release */ = {
			isa = XCBuildConfiguration;
			buildSettings = {
				ALWAYS_SEARCH_USER_PATHS = NO;
				CLANG_ANALYZER_NONNULL = YES;
				CLANG_ANALYZER_NUMBER_OBJECT_CONVERSION = YES_AGGRESSIVE;
				CLANG_CXX_LANGUAGE_STANDARD = "gnu++17";
				CLANG_ENABLE_MODULES = YES;
				CLANG_ENABLE_OBJC_ARC = YES;
				CLANG_ENABLE_OBJC_WEAK = YES;
				CLANG_WARN_BLOCK_CAPTURE_AUTORELEASING = YES;
				CLANG_WARN_BOOL_CONVERSION = YES;
				CLANG_WARN_COMMA = YES;
				CLANG_WARN_CONSTANT_CONVERSION = YES;
				CLANG_WARN_DEPRECATED_OBJC_IMPLEMENTATIONS = YES;
				CLANG_WARN_DIRECT_OBJC_ISA_USAGE = YES_ERROR;
				CLANG_WARN_DOCUMENTATION_COMMENTS = YES;
				CLANG_WARN_EMPTY_BODY = YES;
				CLANG_WARN_ENUM_CONVERSION = YES;
				CLANG_WARN_INFINITE_RECURSION = YES;
				CLANG_WARN_INT_CONVERSION = YES;
				CLANG_WARN_NON_LITERAL_NULL_CONVERSION = YES;
				CLANG_WARN_OBJC_IMPLICIT_RETAIN_SELF = YES;
				CLANG_WARN_OBJC_LITERAL_CONVERSION = YES;
				CLANG_WARN_OBJC_ROOT_CLASS = YES_ERROR;
				CLANG_WARN_QUOTED_INCLUDE_IN_FRAMEWORK_HEADER = YES;
				CLANG_WARN_RANGE_LOOP_ANALYSIS = YES;
				CLANG_WARN_STRICT_PROTOTYPES = YES;
				CLANG_WARN_SUSPICIOUS_MOVE = YES;
				CLANG_WARN_UNGUARDED_AVAILABILITY = YES_AGGRESSIVE;
				CLANG_WARN_UNREACHABLE_CODE = YES;
				CLANG_WARN__DUPLICATE_METHOD_MATCH = YES;
				COPY_PHASE_STRIP = NO;
				DEBUG_INFORMATION_FORMAT = "dwarf-with-dsym";
				ENABLE_NS_ASSERTIONS = NO;
				ENABLE_STRICT_OBJC_MSGSEND = YES;
				GCC_C_LANGUAGE_STANDARD = gnu11;
				GCC_NO_COMMON_BLOCKS = YES;
				GCC_WARN_64_TO_32_BIT_CONVERSION = YES;
				GCC_WARN_ABOUT_RETURN_TYPE = YES_ERROR;
				GCC_WARN_UNDECLARED_SELECTOR = YES;
				GCC_WARN_UNINITIALIZED_AUTOS = YES_AGGRESSIVE;
				GCC_WARN_UNUSED_FUNCTION = YES;
				GCC_WARN_UNUSED_VARIABLE = YES;
				IPHONEOS_DEPLOYMENT_TARGET = 15.4;
				MTL_ENABLE_DEBUG_INFO = NO;
				MTL_FAST_MATH = YES;
				SDKROOT = iphoneos;
				SWIFT_COMPILATION_MODE = wholemodule;
				SWIFT_OPTIMIZATION_LEVEL = "-O";
				VALIDATE_PRODUCT = YES;
			};
			name = Release;
		};
		A830D9AD2932EE6E005EAD18 /* Debug */ = {
			isa = XCBuildConfiguration;
			buildSettings = {
				ASSETCATALOG_COMPILER_APPICON_NAME = AppIcon;
				ASSETCATALOG_COMPILER_GLOBAL_ACCENT_COLOR_NAME = AccentColor;
				CODE_SIGN_STYLE = Automatic;
				CURRENT_PROJECT_VERSION = 1;
				DEVELOPMENT_TEAM = 44SQBVTPVY;
				GENERATE_INFOPLIST_FILE = YES;
				INFOPLIST_FILE = State/Info.plist;
				INFOPLIST_KEY_UIApplicationSupportsIndirectInputEvents = YES;
				INFOPLIST_KEY_UILaunchStoryboardName = LaunchScreen;
				INFOPLIST_KEY_UIMainStoryboardFile = Main;
				INFOPLIST_KEY_UISupportedInterfaceOrientations_iPad = "UIInterfaceOrientationPortrait UIInterfaceOrientationPortraitUpsideDown UIInterfaceOrientationLandscapeLeft UIInterfaceOrientationLandscapeRight";
				INFOPLIST_KEY_UISupportedInterfaceOrientations_iPhone = "UIInterfaceOrientationPortrait UIInterfaceOrientationLandscapeLeft UIInterfaceOrientationLandscapeRight";
				LD_RUNPATH_SEARCH_PATHS = (
					"$(inherited)",
					"@executable_path/Frameworks",
				);
				MARKETING_VERSION = 1.0;
				PRODUCT_BUNDLE_IDENTIFIER = com.nao.r.and.d.State;
				PRODUCT_NAME = "$(TARGET_NAME)";
				SWIFT_EMIT_LOC_STRINGS = YES;
				SWIFT_VERSION = 5.0;
				TARGETED_DEVICE_FAMILY = "1,2";
			};
			name = Debug;
		};
		A830D9AE2932EE6E005EAD18 /* Release */ = {
			isa = XCBuildConfiguration;
			buildSettings = {
				ASSETCATALOG_COMPILER_APPICON_NAME = AppIcon;
				ASSETCATALOG_COMPILER_GLOBAL_ACCENT_COLOR_NAME = AccentColor;
				CODE_SIGN_STYLE = Automatic;
				CURRENT_PROJECT_VERSION = 1;
				DEVELOPMENT_TEAM = 44SQBVTPVY;
				GENERATE_INFOPLIST_FILE = YES;
				INFOPLIST_FILE = State/Info.plist;
				INFOPLIST_KEY_UIApplicationSupportsIndirectInputEvents = YES;
				INFOPLIST_KEY_UILaunchStoryboardName = LaunchScreen;
				INFOPLIST_KEY_UIMainStoryboardFile = Main;
				INFOPLIST_KEY_UISupportedInterfaceOrientations_iPad = "UIInterfaceOrientationPortrait UIInterfaceOrientationPortraitUpsideDown UIInterfaceOrientationLandscapeLeft UIInterfaceOrientationLandscapeRight";
				INFOPLIST_KEY_UISupportedInterfaceOrientations_iPhone = "UIInterfaceOrientationPortrait UIInterfaceOrientationLandscapeLeft UIInterfaceOrientationLandscapeRight";
				LD_RUNPATH_SEARCH_PATHS = (
					"$(inherited)",
					"@executable_path/Frameworks",
				);
				MARKETING_VERSION = 1.0;
				PRODUCT_BUNDLE_IDENTIFIER = com.nao.r.and.d.State;
				PRODUCT_NAME = "$(TARGET_NAME)";
				SWIFT_EMIT_LOC_STRINGS = YES;
				SWIFT_VERSION = 5.0;
				TARGETED_DEVICE_FAMILY = "1,2";
			};
			name = Release;
		};
		A830D9B02932EE6E005EAD18 /* Debug */ = {
			isa = XCBuildConfiguration;
			buildSettings = {
				ALWAYS_EMBED_SWIFT_STANDARD_LIBRARIES = YES;
				BUNDLE_LOADER = "$(TEST_HOST)";
				CODE_SIGN_STYLE = Automatic;
				CURRENT_PROJECT_VERSION = 1;
				DEVELOPMENT_TEAM = 44SQBVTPVY;
				GENERATE_INFOPLIST_FILE = YES;
				IPHONEOS_DEPLOYMENT_TARGET = 15.4;
				MARKETING_VERSION = 1.0;
				PRODUCT_BUNDLE_IDENTIFIER = com.nao.r.and.d.StateTests;
				PRODUCT_NAME = "$(TARGET_NAME)";
				SWIFT_EMIT_LOC_STRINGS = NO;
				SWIFT_VERSION = 5.0;
				TARGETED_DEVICE_FAMILY = "1,2";
				TEST_HOST = "$(BUILT_PRODUCTS_DIR)/State.app/State";
			};
			name = Debug;
		};
		A830D9B12932EE6E005EAD18 /* Release */ = {
			isa = XCBuildConfiguration;
			buildSettings = {
				ALWAYS_EMBED_SWIFT_STANDARD_LIBRARIES = YES;
				BUNDLE_LOADER = "$(TEST_HOST)";
				CODE_SIGN_STYLE = Automatic;
				CURRENT_PROJECT_VERSION = 1;
				DEVELOPMENT_TEAM = 44SQBVTPVY;
				GENERATE_INFOPLIST_FILE = YES;
				IPHONEOS_DEPLOYMENT_TARGET = 15.4;
				MARKETING_VERSION = 1.0;
				PRODUCT_BUNDLE_IDENTIFIER = com.nao.r.and.d.StateTests;
				PRODUCT_NAME = "$(TARGET_NAME)";
				SWIFT_EMIT_LOC_STRINGS = NO;
				SWIFT_VERSION = 5.0;
				TARGETED_DEVICE_FAMILY = "1,2";
				TEST_HOST = "$(BUILT_PRODUCTS_DIR)/State.app/State";
			};
			name = Release;
		};
/* End XCBuildConfiguration section */

/* Begin XCConfigurationList section */
		A830D97D2932EE6C005EAD18 /* Build configuration list for PBXProject "State" */ = {
			isa = XCConfigurationList;
			buildConfigurations = (
				A830D9AA2932EE6E005EAD18 /* Debug */,
				A830D9AB2932EE6E005EAD18 /* Release */,
			);
			defaultConfigurationIsVisible = 0;
			defaultConfigurationName = Release;
		};
		A830D9AC2932EE6E005EAD18 /* Build configuration list for PBXNativeTarget "State" */ = {
			isa = XCConfigurationList;
			buildConfigurations = (
				A830D9AD2932EE6E005EAD18 /* Debug */,
				A830D9AE2932EE6E005EAD18 /* Release */,
			);
			defaultConfigurationIsVisible = 0;
			defaultConfigurationName = Release;
		};
		A830D9AF2932EE6E005EAD18 /* Build configuration list for PBXNativeTarget "StateTests" */ = {
			isa = XCConfigurationList;
			buildConfigurations = (
				A830D9B02932EE6E005EAD18 /* Debug */,
				A830D9B12932EE6E005EAD18 /* Release */,
			);
			defaultConfigurationIsVisible = 0;
			defaultConfigurationName = Release;
		};
/* End XCConfigurationList section */
	};
	rootObject = A830D97A2932EE6C005EAD18 /* Project object */;
}
