// !$*UTF8*$!
{
	archiveVersion = 1;
	classes = {
	};
	objectVersion = 56;
	objects = {

/* Begin PBXBuildFile section */
		7F7D5C3E29677F4000127098 /* SiriShortcut.swift in Sources */ = {isa = PBXBuildFile; fileRef = 7F7D5C3D29677F3F00127098 /* SiriShortcut.swift */; };
		7F7D5C4129677F7100127098 /* Operations.swift in Sources */ = {isa = PBXBuildFile; fileRef = 7F7D5C4029677F7100127098 /* Operations.swift */; };
		7F7D5C4329677FB100127098 /* DelayedOperation.swift in Sources */ = {isa = PBXBuildFile; fileRef = 7F7D5C4229677FB100127098 /* DelayedOperation.swift */; };
		9FBA6F39293EB9B10080D5A9 /* AppDelegate.swift in Sources */ = {isa = PBXBuildFile; fileRef = 9FBA6F38293EB9B10080D5A9 /* AppDelegate.swift */; };
		9FBA6F3B293EB9B10080D5A9 /* SceneDelegate.swift in Sources */ = {isa = PBXBuildFile; fileRef = 9FBA6F3A293EB9B10080D5A9 /* SceneDelegate.swift */; };
		9FBA6F3D293EB9B10080D5A9 /* ViewController.swift in Sources */ = {isa = PBXBuildFile; fileRef = 9FBA6F3C293EB9B10080D5A9 /* ViewController.swift */; };
		9FBA6F40293EB9B10080D5A9 /* Main.storyboard in Resources */ = {isa = PBXBuildFile; fileRef = 9FBA6F3E293EB9B10080D5A9 /* Main.storyboard */; };
		9FBA6F42293EB9B40080D5A9 /* Assets.xcassets in Resources */ = {isa = PBXBuildFile; fileRef = 9FBA6F41293EB9B40080D5A9 /* Assets.xcassets */; };
		9FBA6F45293EB9B40080D5A9 /* LaunchScreen.storyboard in Resources */ = {isa = PBXBuildFile; fileRef = 9FBA6F43293EB9B40080D5A9 /* LaunchScreen.storyboard */; };
		9FBA6F50293EB9B50080D5A9 /* CommandTests.swift in Sources */ = {isa = PBXBuildFile; fileRef = 9FBA6F4F293EB9B50080D5A9 /* CommandTests.swift */; };
		9FBA6F6929455FA40080D5A9 /* CommandRealWorldTest.swift in Sources */ = {isa = PBXBuildFile; fileRef = 9FBA6F6829455FA40080D5A9 /* CommandRealWorldTest.swift */; };
/* End PBXBuildFile section */

/* Begin PBXContainerItemProxy section */
		9FBA6F4C293EB9B50080D5A9 /* PBXContainerItemProxy */ = {
			isa = PBXContainerItemProxy;
			containerPortal = 9FBA6F2D293EB9B10080D5A9 /* Project object */;
			proxyType = 1;
			remoteGlobalIDString = 9FBA6F34293EB9B10080D5A9;
			remoteInfo = Command;
		};
/* End PBXContainerItemProxy section */

/* Begin PBXFileReference section */
		7F7D5C3D29677F3F00127098 /* SiriShortcut.swift */ = {isa = PBXFileReference; lastKnownFileType = sourcecode.swift; path = SiriShortcut.swift; sourceTree = "<group>"; };
		7F7D5C4029677F7100127098 /* Operations.swift */ = {isa = PBXFileReference; lastKnownFileType = sourcecode.swift; path = Operations.swift; sourceTree = "<group>"; };
		7F7D5C4229677FB100127098 /* DelayedOperation.swift */ = {isa = PBXFileReference; lastKnownFileType = sourcecode.swift; path = DelayedOperation.swift; sourceTree = "<group>"; };
		9FBA6F35293EB9B10080D5A9 /* Command.app */ = {isa = PBXFileReference; explicitFileType = wrapper.application; includeInIndex = 0; path = Command.app; sourceTree = BUILT_PRODUCTS_DIR; };
		9FBA6F38293EB9B10080D5A9 /* AppDelegate.swift */ = {isa = PBXFileReference; lastKnownFileType = sourcecode.swift; path = AppDelegate.swift; sourceTree = "<group>"; };
		9FBA6F3A293EB9B10080D5A9 /* SceneDelegate.swift */ = {isa = PBXFileReference; lastKnownFileType = sourcecode.swift; path = SceneDelegate.swift; sourceTree = "<group>"; };
		9FBA6F3C293EB9B10080D5A9 /* ViewController.swift */ = {isa = PBXFileReference; lastKnownFileType = sourcecode.swift; path = ViewController.swift; sourceTree = "<group>"; };
		9FBA6F3F293EB9B10080D5A9 /* Base */ = {isa = PBXFileReference; lastKnownFileType = file.storyboard; name = Base; path = Base.lproj/Main.storyboard; sourceTree = "<group>"; };
		9FBA6F41293EB9B40080D5A9 /* Assets.xcassets */ = {isa = PBXFileReference; lastKnownFileType = folder.assetcatalog; path = Assets.xcassets; sourceTree = "<group>"; };
		9FBA6F44293EB9B40080D5A9 /* Base */ = {isa = PBXFileReference; lastKnownFileType = file.storyboard; name = Base; path = Base.lproj/LaunchScreen.storyboard; sourceTree = "<group>"; };
		9FBA6F46293EB9B40080D5A9 /* Info.plist */ = {isa = PBXFileReference; lastKnownFileType = text.plist.xml; path = Info.plist; sourceTree = "<group>"; };
		9FBA6F4B293EB9B50080D5A9 /* CommandTests.xctest */ = {isa = PBXFileReference; explicitFileType = wrapper.cfbundle; includeInIndex = 0; path = CommandTests.xctest; sourceTree = BUILT_PRODUCTS_DIR; };
		9FBA6F4F293EB9B50080D5A9 /* CommandTests.swift */ = {isa = PBXFileReference; lastKnownFileType = sourcecode.swift; path = CommandTests.swift; sourceTree = "<group>"; };
		9FBA6F59293EB9B50080D5A9 /* CommandUITests.swift */ = {isa = PBXFileReference; lastKnownFileType = sourcecode.swift; path = CommandUITests.swift; sourceTree = "<group>"; };
		9FBA6F5B293EB9B50080D5A9 /* CommandUITestsLaunchTests.swift */ = {isa = PBXFileReference; lastKnownFileType = sourcecode.swift; path = CommandUITestsLaunchTests.swift; sourceTree = "<group>"; };
		9FBA6F6829455FA40080D5A9 /* CommandRealWorldTest.swift */ = {isa = PBXFileReference; lastKnownFileType = sourcecode.swift; path = CommandRealWorldTest.swift; sourceTree = "<group>"; };
/* End PBXFileReference section */

/* Begin PBXFrameworksBuildPhase section */
		9FBA6F32293EB9B10080D5A9 /* Frameworks */ = {
			isa = PBXFrameworksBuildPhase;
			buildActionMask = 2147483647;
			files = (
			);
			runOnlyForDeploymentPostprocessing = 0;
		};
		9FBA6F48293EB9B50080D5A9 /* Frameworks */ = {
			isa = PBXFrameworksBuildPhase;
			buildActionMask = 2147483647;
			files = (
			);
			runOnlyForDeploymentPostprocessing = 0;
		};
/* End PBXFrameworksBuildPhase section */

/* Begin PBXGroup section */
		7F7D5C3C29677F2600127098 /* Siri */ = {
			isa = PBXGroup;
			children = (
				7F7D5C3D29677F3F00127098 /* SiriShortcut.swift */,
			);
			path = Siri;
			sourceTree = "<group>";
		};
		7F7D5C3F29677F6000127098 /* Operation */ = {
			isa = PBXGroup;
			children = (
				7F7D5C4029677F7100127098 /* Operations.swift */,
				7F7D5C4229677FB100127098 /* DelayedOperation.swift */,
			);
			path = Operation;
			sourceTree = "<group>";
		};
		9FBA6F2C293EB9B10080D5A9 = {
			isa = PBXGroup;
			children = (
				9FBA6F37293EB9B10080D5A9 /* Command */,
				9FBA6F4E293EB9B50080D5A9 /* CommandTests */,
				9FBA6F58293EB9B50080D5A9 /* CommandUITests */,
				9FBA6F36293EB9B10080D5A9 /* Products */,
			);
			sourceTree = "<group>";
		};
		9FBA6F36293EB9B10080D5A9 /* Products */ = {
			isa = PBXGroup;
			children = (
				9FBA6F35293EB9B10080D5A9 /* Command.app */,
				9FBA6F4B293EB9B50080D5A9 /* CommandTests.xctest */,
			);
			name = Products;
			sourceTree = "<group>";
		};
		9FBA6F37293EB9B10080D5A9 /* Command */ = {
			isa = PBXGroup;
			children = (
				7F7D5C3F29677F6000127098 /* Operation */,
				7F7D5C3C29677F2600127098 /* Siri */,
				9FBA6F38293EB9B10080D5A9 /* AppDelegate.swift */,
				9FBA6F3A293EB9B10080D5A9 /* SceneDelegate.swift */,
				9FBA6F3C293EB9B10080D5A9 /* ViewController.swift */,
				9FBA6F3E293EB9B10080D5A9 /* Main.storyboard */,
				9FBA6F41293EB9B40080D5A9 /* Assets.xcassets */,
				9FBA6F43293EB9B40080D5A9 /* LaunchScreen.storyboard */,
				9FBA6F46293EB9B40080D5A9 /* Info.plist */,
			);
			path = Command;
			sourceTree = "<group>";
		};
		9FBA6F4E293EB9B50080D5A9 /* CommandTests */ = {
			isa = PBXGroup;
			children = (
				9FBA6F4F293EB9B50080D5A9 /* CommandTests.swift */,
				9FBA6F6829455FA40080D5A9 /* CommandRealWorldTest.swift */,
			);
			path = CommandTests;
			sourceTree = "<group>";
		};
		9FBA6F58293EB9B50080D5A9 /* CommandUITests */ = {
			isa = PBXGroup;
			children = (
				9FBA6F59293EB9B50080D5A9 /* CommandUITests.swift */,
				9FBA6F5B293EB9B50080D5A9 /* CommandUITestsLaunchTests.swift */,
			);
			path = CommandUITests;
			sourceTree = "<group>";
		};
/* End PBXGroup section */

/* Begin PBXNativeTarget section */
		9FBA6F34293EB9B10080D5A9 /* Command */ = {
			isa = PBXNativeTarget;
			buildConfigurationList = 9FBA6F5F293EB9B50080D5A9 /* Build configuration list for PBXNativeTarget "Command" */;
			buildPhases = (
				9FBA6F31293EB9B10080D5A9 /* Sources */,
				9FBA6F32293EB9B10080D5A9 /* Frameworks */,
				9FBA6F33293EB9B10080D5A9 /* Resources */,
			);
			buildRules = (
			);
			dependencies = (
			);
			name = Command;
			productName = Command;
			productReference = 9FBA6F35293EB9B10080D5A9 /* Command.app */;
			productType = "com.apple.product-type.application";
		};
		9FBA6F4A293EB9B50080D5A9 /* CommandTests */ = {
			isa = PBXNativeTarget;
			buildConfigurationList = 9FBA6F62293EB9B50080D5A9 /* Build configuration list for PBXNativeTarget "CommandTests" */;
			buildPhases = (
				9FBA6F47293EB9B50080D5A9 /* Sources */,
				9FBA6F48293EB9B50080D5A9 /* Frameworks */,
				9FBA6F49293EB9B50080D5A9 /* Resources */,
			);
			buildRules = (
			);
			dependencies = (
				9FBA6F4D293EB9B50080D5A9 /* PBXTargetDependency */,
			);
			name = CommandTests;
			productName = CommandTests;
			productReference = 9FBA6F4B293EB9B50080D5A9 /* CommandTests.xctest */;
			productType = "com.apple.product-type.bundle.unit-test";
		};
/* End PBXNativeTarget section */

/* Begin PBXProject section */
		9FBA6F2D293EB9B10080D5A9 /* Project object */ = {
			isa = PBXProject;
			attributes = {
				BuildIndependentTargetsInParallel = 1;
				LastSwiftUpdateCheck = 1410;
				LastUpgradeCheck = 1410;
				TargetAttributes = {
					9FBA6F34293EB9B10080D5A9 = {
						CreatedOnToolsVersion = 14.1;
					};
					9FBA6F4A293EB9B50080D5A9 = {
						CreatedOnToolsVersion = 14.1;
						TestTargetID = 9FBA6F34293EB9B10080D5A9;
					};
				};
			};
			buildConfigurationList = 9FBA6F30293EB9B10080D5A9 /* Build configuration list for PBXProject "Command" */;
			compatibilityVersion = "Xcode 14.0";
			developmentRegion = en;
			hasScannedForEncodings = 0;
			knownRegions = (
				en,
				Base,
			);
			mainGroup = 9FBA6F2C293EB9B10080D5A9;
			productRefGroup = 9FBA6F36293EB9B10080D5A9 /* Products */;
			projectDirPath = "";
			projectRoot = "";
			targets = (
				9FBA6F34293EB9B10080D5A9 /* Command */,
				9FBA6F4A293EB9B50080D5A9 /* CommandTests */,
			);
		};
/* End PBXProject section */

/* Begin PBXResourcesBuildPhase section */
		9FBA6F33293EB9B10080D5A9 /* Resources */ = {
			isa = PBXResourcesBuildPhase;
			buildActionMask = 2147483647;
			files = (
				9FBA6F45293EB9B40080D5A9 /* LaunchScreen.storyboard in Resources */,
				9FBA6F42293EB9B40080D5A9 /* Assets.xcassets in Resources */,
				9FBA6F40293EB9B10080D5A9 /* Main.storyboard in Resources */,
			);
			runOnlyForDeploymentPostprocessing = 0;
		};
		9FBA6F49293EB9B50080D5A9 /* Resources */ = {
			isa = PBXResourcesBuildPhase;
			buildActionMask = 2147483647;
			files = (
			);
			runOnlyForDeploymentPostprocessing = 0;
		};
/* End PBXResourcesBuildPhase section */

/* Begin PBXSourcesBuildPhase section */
		9FBA6F31293EB9B10080D5A9 /* Sources */ = {
			isa = PBXSourcesBuildPhase;
			buildActionMask = 2147483647;
			files = (
				7F7D5C4329677FB100127098 /* DelayedOperation.swift in Sources */,
				7F7D5C3E29677F4000127098 /* SiriShortcut.swift in Sources */,
				9FBA6F3D293EB9B10080D5A9 /* ViewController.swift in Sources */,
				9FBA6F39293EB9B10080D5A9 /* AppDelegate.swift in Sources */,
				7F7D5C4129677F7100127098 /* Operations.swift in Sources */,
				9FBA6F3B293EB9B10080D5A9 /* SceneDelegate.swift in Sources */,
			);
			runOnlyForDeploymentPostprocessing = 0;
		};
		9FBA6F47293EB9B50080D5A9 /* Sources */ = {
			isa = PBXSourcesBuildPhase;
			buildActionMask = 2147483647;
			files = (
				9FBA6F6929455FA40080D5A9 /* CommandRealWorldTest.swift in Sources */,
				9FBA6F50293EB9B50080D5A9 /* CommandTests.swift in Sources */,
			);
			runOnlyForDeploymentPostprocessing = 0;
		};
/* End PBXSourcesBuildPhase section */

/* Begin PBXTargetDependency section */
		9FBA6F4D293EB9B50080D5A9 /* PBXTargetDependency */ = {
			isa = PBXTargetDependency;
			target = 9FBA6F34293EB9B10080D5A9 /* Command */;
			targetProxy = 9FBA6F4C293EB9B50080D5A9 /* PBXContainerItemProxy */;
		};
/* End PBXTargetDependency section */

/* Begin PBXVariantGroup section */
		9FBA6F3E293EB9B10080D5A9 /* Main.storyboard */ = {
			isa = PBXVariantGroup;
			children = (
				9FBA6F3F293EB9B10080D5A9 /* Base */,
			);
			name = Main.storyboard;
			sourceTree = "<group>";
		};
		9FBA6F43293EB9B40080D5A9 /* LaunchScreen.storyboard */ = {
			isa = PBXVariantGroup;
			children = (
				9FBA6F44293EB9B40080D5A9 /* Base */,
			);
			name = LaunchScreen.storyboard;
			sourceTree = "<group>";
		};
/* End PBXVariantGroup section */

/* Begin XCBuildConfiguration section */
		9FBA6F5D293EB9B50080D5A9 /* Debug */ = {
			isa = XCBuildConfiguration;
			buildSettings = {
				ALWAYS_SEARCH_USER_PATHS = NO;
				CLANG_ANALYZER_NONNULL = YES;
				CLANG_ANALYZER_NUMBER_OBJECT_CONVERSION = YES_AGGRESSIVE;
				CLANG_CXX_LANGUAGE_STANDARD = "gnu++20";
				CLANG_ENABLE_MODULES = YES;
				CLANG_ENABLE_OBJC_ARC = YES;
				CLANG_ENABLE_OBJC_WEAK = YES;
				CLANG_WARN_BLOCK_CAPTURE_AUTORELEASING = YES;
				CLANG_WARN_BOOL_CONVERSION = YES;
				CLANG_WARN_COMMA = YES;
				CLANG_WARN_CONSTANT_CONVERSION = YES;
				CLANG_WARN_DEPRECATED_OBJC_IMPLEMENTATIONS = YES;
				CLANG_WARN_DIRECT_OBJC_ISA_USAGE = YES_ERROR;
				CLANG_WARN_DOCUMENTATION_COMMENTS = YES;
				CLANG_WARN_EMPTY_BODY = YES;
				CLANG_WARN_ENUM_CONVERSION = YES;
				CLANG_WARN_INFINITE_RECURSION = YES;
				CLANG_WARN_INT_CONVERSION = YES;
				CLANG_WARN_NON_LITERAL_NULL_CONVERSION = YES;
				CLANG_WARN_OBJC_IMPLICIT_RETAIN_SELF = YES;
				CLANG_WARN_OBJC_LITERAL_CONVERSION = YES;
				CLANG_WARN_OBJC_ROOT_CLASS = YES_ERROR;
				CLANG_WARN_QUOTED_INCLUDE_IN_FRAMEWORK_HEADER = YES;
				CLANG_WARN_RANGE_LOOP_ANALYSIS = YES;
				CLANG_WARN_STRICT_PROTOTYPES = YES;
				CLANG_WARN_SUSPICIOUS_MOVE = YES;
				CLANG_WARN_UNGUARDED_AVAILABILITY = YES_AGGRESSIVE;
				CLANG_WARN_UNREACHABLE_CODE = YES;
				CLANG_WARN__DUPLICATE_METHOD_MATCH = YES;
				COPY_PHASE_STRIP = NO;
				DEBUG_INFORMATION_FORMAT = dwarf;
				ENABLE_STRICT_OBJC_MSGSEND = YES;
				ENABLE_TESTABILITY = YES;
				GCC_C_LANGUAGE_STANDARD = gnu11;
				GCC_DYNAMIC_NO_PIC = NO;
				GCC_NO_COMMON_BLOCKS = YES;
				GCC_OPTIMIZATION_LEVEL = 0;
				GCC_PREPROCESSOR_DEFINITIONS = (
					"DEBUG=1",
					"$(inherited)",
				);
				GCC_WARN_64_TO_32_BIT_CONVERSION = YES;
				GCC_WARN_ABOUT_RETURN_TYPE = YES_ERROR;
				GCC_WARN_UNDECLARED_SELECTOR = YES;
				GCC_WARN_UNINITIALIZED_AUTOS = YES_AGGRESSIVE;
				GCC_WARN_UNUSED_FUNCTION = YES;
				GCC_WARN_UNUSED_VARIABLE = YES;
				IPHONEOS_DEPLOYMENT_TARGET = 16.1;
				MTL_ENABLE_DEBUG_INFO = INCLUDE_SOURCE;
				MTL_FAST_MATH = YES;
				ONLY_ACTIVE_ARCH = YES;
				SDKROOT = iphoneos;
				SWIFT_ACTIVE_COMPILATION_CONDITIONS = DEBUG;
				SWIFT_OPTIMIZATION_LEVEL = "-Onone";
			};
			name = Debug;
		};
		9FBA6F5E293EB9B50080D5A9 /* Release */ = {
			isa = XCBuildConfiguration;
			buildSettings = {
				ALWAYS_SEARCH_USER_PATHS = NO;
				CLANG_ANALYZER_NONNULL = YES;
				CLANG_ANALYZER_NUMBER_OBJECT_CONVERSION = YES_AGGRESSIVE;
				CLANG_CXX_LANGUAGE_STANDARD = "gnu++20";
				CLANG_ENABLE_MODULES = YES;
				CLANG_ENABLE_OBJC_ARC = YES;
				CLANG_ENABLE_OBJC_WEAK = YES;
				CLANG_WARN_BLOCK_CAPTURE_AUTORELEASING = YES;
				CLANG_WARN_BOOL_CONVERSION = YES;
				CLANG_WARN_COMMA = YES;
				CLANG_WARN_CONSTANT_CONVERSION = YES;
				CLANG_WARN_DEPRECATED_OBJC_IMPLEMENTATIONS = YES;
				CLANG_WARN_DIRECT_OBJC_ISA_USAGE = YES_ERROR;
				CLANG_WARN_DOCUMENTATION_COMMENTS = YES;
				CLANG_WARN_EMPTY_BODY = YES;
				CLANG_WARN_ENUM_CONVERSION = YES;
				CLANG_WARN_INFINITE_RECURSION = YES;
				CLANG_WARN_INT_CONVERSION = YES;
				CLANG_WARN_NON_LITERAL_NULL_CONVERSION = YES;
				CLANG_WARN_OBJC_IMPLICIT_RETAIN_SELF = YES;
				CLANG_WARN_OBJC_LITERAL_CONVERSION = YES;
				CLANG_WARN_OBJC_ROOT_CLASS = YES_ERROR;
				CLANG_WARN_QUOTED_INCLUDE_IN_FRAMEWORK_HEADER = YES;
				CLANG_WARN_RANGE_LOOP_ANALYSIS = YES;
				CLANG_WARN_STRICT_PROTOTYPES = YES;
				CLANG_WARN_SUSPICIOUS_MOVE = YES;
				CLANG_WARN_UNGUARDED_AVAILABILITY = YES_AGGRESSIVE;
				CLANG_WARN_UNREACHABLE_CODE = YES;
				CLANG_WARN__DUPLICATE_METHOD_MATCH = YES;
				COPY_PHASE_STRIP = NO;
				DEBUG_INFORMATION_FORMAT = "dwarf-with-dsym";
				ENABLE_NS_ASSERTIONS = NO;
				ENABLE_STRICT_OBJC_MSGSEND = YES;
				GCC_C_LANGUAGE_STANDARD = gnu11;
				GCC_NO_COMMON_BLOCKS = YES;
				GCC_WARN_64_TO_32_BIT_CONVERSION = YES;
				GCC_WARN_ABOUT_RETURN_TYPE = YES_ERROR;
				GCC_WARN_UNDECLARED_SELECTOR = YES;
				GCC_WARN_UNINITIALIZED_AUTOS = YES_AGGRESSIVE;
				GCC_WARN_UNUSED_FUNCTION = YES;
				GCC_WARN_UNUSED_VARIABLE = YES;
				IPHONEOS_DEPLOYMENT_TARGET = 16.1;
				MTL_ENABLE_DEBUG_INFO = NO;
				MTL_FAST_MATH = YES;
				SDKROOT = iphoneos;
				SWIFT_COMPILATION_MODE = wholemodule;
				SWIFT_OPTIMIZATION_LEVEL = "-O";
				VALIDATE_PRODUCT = YES;
			};
			name = Release;
		};
		9FBA6F60293EB9B50080D5A9 /* Debug */ = {
			isa = XCBuildConfiguration;
			buildSettings = {
				ASSETCATALOG_COMPILER_APPICON_NAME = AppIcon;
				ASSETCATALOG_COMPILER_GLOBAL_ACCENT_COLOR_NAME = AccentColor;
				CODE_SIGN_STYLE = Automatic;
				CURRENT_PROJECT_VERSION = 1;
				DEVELOPMENT_TEAM = 44SQBVTPVY;
				GENERATE_INFOPLIST_FILE = YES;
				INFOPLIST_FILE = Command/Info.plist;
				INFOPLIST_KEY_UIApplicationSupportsIndirectInputEvents = YES;
				INFOPLIST_KEY_UILaunchStoryboardName = LaunchScreen;
				INFOPLIST_KEY_UIMainStoryboardFile = Main;
				INFOPLIST_KEY_UISupportedInterfaceOrientations_iPad = "UIInterfaceOrientationPortrait UIInterfaceOrientationPortraitUpsideDown UIInterfaceOrientationLandscapeLeft UIInterfaceOrientationLandscapeRight";
				INFOPLIST_KEY_UISupportedInterfaceOrientations_iPhone = "UIInterfaceOrientationPortrait UIInterfaceOrientationLandscapeLeft UIInterfaceOrientationLandscapeRight";
				LD_RUNPATH_SEARCH_PATHS = (
					"$(inherited)",
					"@executable_path/Frameworks",
				);
				MARKETING_VERSION = 1.0;
				PRODUCT_BUNDLE_IDENTIFIER = com.naorandd.Command;
				PRODUCT_NAME = "$(TARGET_NAME)";
				SWIFT_EMIT_LOC_STRINGS = YES;
				SWIFT_VERSION = 5.0;
				TARGETED_DEVICE_FAMILY = "1,2";
			};
			name = Debug;
		};
		9FBA6F61293EB9B50080D5A9 /* Release */ = {
			isa = XCBuildConfiguration;
			buildSettings = {
				ASSETCATALOG_COMPILER_APPICON_NAME = AppIcon;
				ASSETCATALOG_COMPILER_GLOBAL_ACCENT_COLOR_NAME = AccentColor;
				CODE_SIGN_STYLE = Automatic;
				CURRENT_PROJECT_VERSION = 1;
				DEVELOPMENT_TEAM = 44SQBVTPVY;
				GENERATE_INFOPLIST_FILE = YES;
				INFOPLIST_FILE = Command/Info.plist;
				INFOPLIST_KEY_UIApplicationSupportsIndirectInputEvents = YES;
				INFOPLIST_KEY_UILaunchStoryboardName = LaunchScreen;
				INFOPLIST_KEY_UIMainStoryboardFile = Main;
				INFOPLIST_KEY_UISupportedInterfaceOrientations_iPad = "UIInterfaceOrientationPortrait UIInterfaceOrientationPortraitUpsideDown UIInterfaceOrientationLandscapeLeft UIInterfaceOrientationLandscapeRight";
				INFOPLIST_KEY_UISupportedInterfaceOrientations_iPhone = "UIInterfaceOrientationPortrait UIInterfaceOrientationLandscapeLeft UIInterfaceOrientationLandscapeRight";
				LD_RUNPATH_SEARCH_PATHS = (
					"$(inherited)",
					"@executable_path/Frameworks",
				);
				MARKETING_VERSION = 1.0;
				PRODUCT_BUNDLE_IDENTIFIER = com.naorandd.Command;
				PRODUCT_NAME = "$(TARGET_NAME)";
				SWIFT_EMIT_LOC_STRINGS = YES;
				SWIFT_VERSION = 5.0;
				TARGETED_DEVICE_FAMILY = "1,2";
			};
			name = Release;
		};
		9FBA6F63293EB9B50080D5A9 /* Debug */ = {
			isa = XCBuildConfiguration;
			buildSettings = {
				ALWAYS_EMBED_SWIFT_STANDARD_LIBRARIES = YES;
				BUNDLE_LOADER = "$(TEST_HOST)";
				CODE_SIGN_STYLE = Automatic;
				CURRENT_PROJECT_VERSION = 1;
				DEVELOPMENT_TEAM = 44SQBVTPVY;
				GENERATE_INFOPLIST_FILE = YES;
				IPHONEOS_DEPLOYMENT_TARGET = 16.1;
				MARKETING_VERSION = 1.0;
				PRODUCT_BUNDLE_IDENTIFIER = com.naorandd.CommandTests;
				PRODUCT_NAME = "$(TARGET_NAME)";
				SWIFT_EMIT_LOC_STRINGS = NO;
				SWIFT_VERSION = 5.0;
				TARGETED_DEVICE_FAMILY = "1,2";
				TEST_HOST = "$(BUILT_PRODUCTS_DIR)/Command.app/$(BUNDLE_EXECUTABLE_FOLDER_PATH)/Command";
			};
			name = Debug;
		};
		9FBA6F64293EB9B50080D5A9 /* Release */ = {
			isa = XCBuildConfiguration;
			buildSettings = {
				ALWAYS_EMBED_SWIFT_STANDARD_LIBRARIES = YES;
				BUNDLE_LOADER = "$(TEST_HOST)";
				CODE_SIGN_STYLE = Automatic;
				CURRENT_PROJECT_VERSION = 1;
				DEVELOPMENT_TEAM = 44SQBVTPVY;
				GENERATE_INFOPLIST_FILE = YES;
				IPHONEOS_DEPLOYMENT_TARGET = 16.1;
				MARKETING_VERSION = 1.0;
				PRODUCT_BUNDLE_IDENTIFIER = com.naorandd.CommandTests;
				PRODUCT_NAME = "$(TARGET_NAME)";
				SWIFT_EMIT_LOC_STRINGS = NO;
				SWIFT_VERSION = 5.0;
				TARGETED_DEVICE_FAMILY = "1,2";
				TEST_HOST = "$(BUILT_PRODUCTS_DIR)/Command.app/$(BUNDLE_EXECUTABLE_FOLDER_PATH)/Command";
			};
			name = Release;
		};
/* End XCBuildConfiguration section */

/* Begin XCConfigurationList section */
		9FBA6F30293EB9B10080D5A9 /* Build configuration list for PBXProject "Command" */ = {
			isa = XCConfigurationList;
			buildConfigurations = (
				9FBA6F5D293EB9B50080D5A9 /* Debug */,
				9FBA6F5E293EB9B50080D5A9 /* Release */,
			);
			defaultConfigurationIsVisible = 0;
			defaultConfigurationName = Release;
		};
		9FBA6F5F293EB9B50080D5A9 /* Build configuration list for PBXNativeTarget "Command" */ = {
			isa = XCConfigurationList;
			buildConfigurations = (
				9FBA6F60293EB9B50080D5A9 /* Debug */,
				9FBA6F61293EB9B50080D5A9 /* Release */,
			);
			defaultConfigurationIsVisible = 0;
			defaultConfigurationName = Release;
		};
		9FBA6F62293EB9B50080D5A9 /* Build configuration list for PBXNativeTarget "CommandTests" */ = {
			isa = XCConfigurationList;
			buildConfigurations = (
				9FBA6F63293EB9B50080D5A9 /* Debug */,
				9FBA6F64293EB9B50080D5A9 /* Release */,
			);
			defaultConfigurationIsVisible = 0;
			defaultConfigurationName = Release;
		};
/* End XCConfigurationList section */
	};
	rootObject = 9FBA6F2D293EB9B10080D5A9 /* Project object */;
}
